// !$*UTF8*$!
{
	archiveVersion = 1;
	classes = {
	};
	objectVersion = 50;
	objects = {

/* Begin PBXBuildFile section */
		164F9F3FE93A0135A2ADEF0E /* Pods_TumblrTests.framework in Frameworks */ = {isa = PBXBuildFile; fileRef = BD235BE944773E6DFA6C379A /* Pods_TumblrTests.framework */; };
		8B5ACCDD21C1F9A000C39661 /* AppDelegate.swift in Sources */ = {isa = PBXBuildFile; fileRef = 8B5ACCDC21C1F9A000C39661 /* AppDelegate.swift */; };
		8B5ACCDF21C1F9A000C39661 /* ViewController.swift in Sources */ = {isa = PBXBuildFile; fileRef = 8B5ACCDE21C1F9A000C39661 /* ViewController.swift */; };
		8B5ACCE221C1F9A000C39661 /* Main.storyboard in Resources */ = {isa = PBXBuildFile; fileRef = 8B5ACCE021C1F9A000C39661 /* Main.storyboard */; };
		8B5ACCE421C1F9A200C39661 /* Assets.xcassets in Resources */ = {isa = PBXBuildFile; fileRef = 8B5ACCE321C1F9A200C39661 /* Assets.xcassets */; };
		8B5ACCE721C1F9A200C39661 /* LaunchScreen.storyboard in Resources */ = {isa = PBXBuildFile; fileRef = 8B5ACCE521C1F9A200C39661 /* LaunchScreen.storyboard */; };
		8B5ACCF221C1F9A200C39661 /* TumblrTests.swift in Sources */ = {isa = PBXBuildFile; fileRef = 8B5ACCF121C1F9A200C39661 /* TumblrTests.swift */; };
		8B5ACCFD21C1F9A200C39661 /* TumblrUITests.swift in Sources */ = {isa = PBXBuildFile; fileRef = 8B5ACCFC21C1F9A200C39661 /* TumblrUITests.swift */; };
		A8797F19FF0D3F002D9A8442 /* Pods_TumblrUITests.framework in Frameworks */ = {isa = PBXBuildFile; fileRef = E5C965F99B6ADD8DA51909D7 /* Pods_TumblrUITests.framework */; };
		F3C6F459B707B21DC35AF779 /* Pods_Tumblr.framework in Frameworks */ = {isa = PBXBuildFile; fileRef = 10D073EAB09097BE664A6793 /* Pods_Tumblr.framework */; };
/* End PBXBuildFile section */

/* Begin PBXContainerItemProxy section */
		8B5ACCEE21C1F9A200C39661 /* PBXContainerItemProxy */ = {
			isa = PBXContainerItemProxy;
			containerPortal = 8B5ACCD121C1F9A000C39661 /* Project object */;
			proxyType = 1;
			remoteGlobalIDString = 8B5ACCD821C1F9A000C39661;
			remoteInfo = Tumblr;
		};
		8B5ACCF921C1F9A200C39661 /* PBXContainerItemProxy */ = {
			isa = PBXContainerItemProxy;
			containerPortal = 8B5ACCD121C1F9A000C39661 /* Project object */;
			proxyType = 1;
			remoteGlobalIDString = 8B5ACCD821C1F9A000C39661;
			remoteInfo = Tumblr;
		};
/* End PBXContainerItemProxy section */

/* Begin PBXFileReference section */
		10D073EAB09097BE664A6793 /* Pods_Tumblr.framework */ = {isa = PBXFileReference; explicitFileType = wrapper.framework; includeInIndex = 0; path = Pods_Tumblr.framework; sourceTree = BUILT_PRODUCTS_DIR; };
		1222DC2C2ED0E448D00C245E /* Pods-TumblrTests.debug.xcconfig */ = {isa = PBXFileReference; includeInIndex = 1; lastKnownFileType = text.xcconfig; name = "Pods-TumblrTests.debug.xcconfig"; path = "Pods/Target Support Files/Pods-TumblrTests/Pods-TumblrTests.debug.xcconfig"; sourceTree = "<group>"; };
		6B8CADBCF8846625B42D34B8 /* Pods-TumblrUITests.debug.xcconfig */ = {isa = PBXFileReference; includeInIndex = 1; lastKnownFileType = text.xcconfig; name = "Pods-TumblrUITests.debug.xcconfig"; path = "Pods/Target Support Files/Pods-TumblrUITests/Pods-TumblrUITests.debug.xcconfig"; sourceTree = "<group>"; };
		8B5ACCD921C1F9A000C39661 /* Tumblr.app */ = {isa = PBXFileReference; explicitFileType = wrapper.application; includeInIndex = 0; path = Tumblr.app; sourceTree = BUILT_PRODUCTS_DIR; };
		8B5ACCDC21C1F9A000C39661 /* AppDelegate.swift */ = {isa = PBXFileReference; lastKnownFileType = sourcecode.swift; path = AppDelegate.swift; sourceTree = "<group>"; };
		8B5ACCDE21C1F9A000C39661 /* ViewController.swift */ = {isa = PBXFileReference; lastKnownFileType = sourcecode.swift; path = ViewController.swift; sourceTree = "<group>"; };
		8B5ACCE121C1F9A000C39661 /* Base */ = {isa = PBXFileReference; lastKnownFileType = file.storyboard; name = Base; path = Base.lproj/Main.storyboard; sourceTree = "<group>"; };
		8B5ACCE321C1F9A200C39661 /* Assets.xcassets */ = {isa = PBXFileReference; lastKnownFileType = folder.assetcatalog; path = Assets.xcassets; sourceTree = "<group>"; };
		8B5ACCE621C1F9A200C39661 /* Base */ = {isa = PBXFileReference; lastKnownFileType = file.storyboard; name = Base; path = Base.lproj/LaunchScreen.storyboard; sourceTree = "<group>"; };
		8B5ACCE821C1F9A200C39661 /* Info.plist */ = {isa = PBXFileReference; lastKnownFileType = text.plist.xml; path = Info.plist; sourceTree = "<group>"; };
		8B5ACCED21C1F9A200C39661 /* TumblrTests.xctest */ = {isa = PBXFileReference; explicitFileType = wrapper.cfbundle; includeInIndex = 0; path = TumblrTests.xctest; sourceTree = BUILT_PRODUCTS_DIR; };
		8B5ACCF121C1F9A200C39661 /* TumblrTests.swift */ = {isa = PBXFileReference; lastKnownFileType = sourcecode.swift; path = TumblrTests.swift; sourceTree = "<group>"; };
		8B5ACCF321C1F9A200C39661 /* Info.plist */ = {isa = PBXFileReference; lastKnownFileType = text.plist.xml; path = Info.plist; sourceTree = "<group>"; };
		8B5ACCF821C1F9A200C39661 /* TumblrUITests.xctest */ = {isa = PBXFileReference; explicitFileType = wrapper.cfbundle; includeInIndex = 0; path = TumblrUITests.xctest; sourceTree = BUILT_PRODUCTS_DIR; };
		8B5ACCFC21C1F9A200C39661 /* TumblrUITests.swift */ = {isa = PBXFileReference; lastKnownFileType = sourcecode.swift; path = TumblrUITests.swift; sourceTree = "<group>"; };
		8B5ACCFE21C1F9A200C39661 /* Info.plist */ = {isa = PBXFileReference; lastKnownFileType = text.plist.xml; path = Info.plist; sourceTree = "<group>"; };
		A0BA57F3CECAE285AF132A78 /* Pods-Tumblr.debug.xcconfig */ = {isa = PBXFileReference; includeInIndex = 1; lastKnownFileType = text.xcconfig; name = "Pods-Tumblr.debug.xcconfig"; path = "Pods/Target Support Files/Pods-Tumblr/Pods-Tumblr.debug.xcconfig"; sourceTree = "<group>"; };
		BD235BE944773E6DFA6C379A /* Pods_TumblrTests.framework */ = {isa = PBXFileReference; explicitFileType = wrapper.framework; includeInIndex = 0; path = Pods_TumblrTests.framework; sourceTree = BUILT_PRODUCTS_DIR; };
		C107DA0F118D1EBD8351C6B3 /* Pods-Tumblr.release.xcconfig */ = {isa = PBXFileReference; includeInIndex = 1; lastKnownFileType = text.xcconfig; name = "Pods-Tumblr.release.xcconfig"; path = "Pods/Target Support Files/Pods-Tumblr/Pods-Tumblr.release.xcconfig"; sourceTree = "<group>"; };
		CFFBFECA3CCD260AADEBD44C /* Pods-TumblrTests.release.xcconfig */ = {isa = PBXFileReference; includeInIndex = 1; lastKnownFileType = text.xcconfig; name = "Pods-TumblrTests.release.xcconfig"; path = "Pods/Target Support Files/Pods-TumblrTests/Pods-TumblrTests.release.xcconfig"; sourceTree = "<group>"; };
		D0007502F192FD755DFB161E /* Pods-TumblrUITests.release.xcconfig */ = {isa = PBXFileReference; includeInIndex = 1; lastKnownFileType = text.xcconfig; name = "Pods-TumblrUITests.release.xcconfig"; path = "Pods/Target Support Files/Pods-TumblrUITests/Pods-TumblrUITests.release.xcconfig"; sourceTree = "<group>"; };
		E5C965F99B6ADD8DA51909D7 /* Pods_TumblrUITests.framework */ = {isa = PBXFileReference; explicitFileType = wrapper.framework; includeInIndex = 0; path = Pods_TumblrUITests.framework; sourceTree = BUILT_PRODUCTS_DIR; };
/* End PBXFileReference section */

/* Begin PBXFrameworksBuildPhase section */
		8B5ACCD621C1F9A000C39661 /* Frameworks */ = {
			isa = PBXFrameworksBuildPhase;
			buildActionMask = 2147483647;
			files = (
				F3C6F459B707B21DC35AF779 /* Pods_Tumblr.framework in Frameworks */,
			);
			runOnlyForDeploymentPostprocessing = 0;
		};
		8B5ACCEA21C1F9A200C39661 /* Frameworks */ = {
			isa = PBXFrameworksBuildPhase;
			buildActionMask = 2147483647;
			files = (
				164F9F3FE93A0135A2ADEF0E /* Pods_TumblrTests.framework in Frameworks */,
			);
			runOnlyForDeploymentPostprocessing = 0;
		};
		8B5ACCF521C1F9A200C39661 /* Frameworks */ = {
			isa = PBXFrameworksBuildPhase;
			buildActionMask = 2147483647;
			files = (
				A8797F19FF0D3F002D9A8442 /* Pods_TumblrUITests.framework in Frameworks */,
			);
			runOnlyForDeploymentPostprocessing = 0;
		};
/* End PBXFrameworksBuildPhase section */

/* Begin PBXGroup section */
		27DBCD7DA3AF7A397F6C7250 /* Pods */ = {
			isa = PBXGroup;
			children = (
				A0BA57F3CECAE285AF132A78 /* Pods-Tumblr.debug.xcconfig */,
				C107DA0F118D1EBD8351C6B3 /* Pods-Tumblr.release.xcconfig */,
				1222DC2C2ED0E448D00C245E /* Pods-TumblrTests.debug.xcconfig */,
				CFFBFECA3CCD260AADEBD44C /* Pods-TumblrTests.release.xcconfig */,
				6B8CADBCF8846625B42D34B8 /* Pods-TumblrUITests.debug.xcconfig */,
				D0007502F192FD755DFB161E /* Pods-TumblrUITests.release.xcconfig */,
			);
			name = Pods;
			sourceTree = "<group>";
		};
		8B5ACCD021C1F9A000C39661 = {
			isa = PBXGroup;
			children = (
				8B5ACCDB21C1F9A000C39661 /* Tumblr */,
				8B5ACCF021C1F9A200C39661 /* TumblrTests */,
				8B5ACCFB21C1F9A200C39661 /* TumblrUITests */,
				8B5ACCDA21C1F9A000C39661 /* Products */,
				27DBCD7DA3AF7A397F6C7250 /* Pods */,
				F836BA61518E90C36ED2DD94 /* Frameworks */,
			);
			sourceTree = "<group>";
		};
		8B5ACCDA21C1F9A000C39661 /* Products */ = {
			isa = PBXGroup;
			children = (
				8B5ACCD921C1F9A000C39661 /* Tumblr.app */,
				8B5ACCED21C1F9A200C39661 /* TumblrTests.xctest */,
				8B5ACCF821C1F9A200C39661 /* TumblrUITests.xctest */,
			);
			name = Products;
			sourceTree = "<group>";
		};
		8B5ACCDB21C1F9A000C39661 /* Tumblr */ = {
			isa = PBXGroup;
			children = (
				8B5ACCDC21C1F9A000C39661 /* AppDelegate.swift */,
				8B5ACCDE21C1F9A000C39661 /* ViewController.swift */,
				8B5ACCE021C1F9A000C39661 /* Main.storyboard */,
				8B5ACCE321C1F9A200C39661 /* Assets.xcassets */,
				8B5ACCE521C1F9A200C39661 /* LaunchScreen.storyboard */,
				8B5ACCE821C1F9A200C39661 /* Info.plist */,
			);
			path = Tumblr;
			sourceTree = "<group>";
		};
		8B5ACCF021C1F9A200C39661 /* TumblrTests */ = {
			isa = PBXGroup;
			children = (
				8B5ACCF121C1F9A200C39661 /* TumblrTests.swift */,
				8B5ACCF321C1F9A200C39661 /* Info.plist */,
			);
			path = TumblrTests;
			sourceTree = "<group>";
		};
		8B5ACCFB21C1F9A200C39661 /* TumblrUITests */ = {
			isa = PBXGroup;
			children = (
				8B5ACCFC21C1F9A200C39661 /* TumblrUITests.swift */,
				8B5ACCFE21C1F9A200C39661 /* Info.plist */,
			);
			path = TumblrUITests;
			sourceTree = "<group>";
		};
		F836BA61518E90C36ED2DD94 /* Frameworks */ = {
			isa = PBXGroup;
			children = (
				10D073EAB09097BE664A6793 /* Pods_Tumblr.framework */,
				BD235BE944773E6DFA6C379A /* Pods_TumblrTests.framework */,
				E5C965F99B6ADD8DA51909D7 /* Pods_TumblrUITests.framework */,
			);
			name = Frameworks;
			sourceTree = "<group>";
		};
/* End PBXGroup section */

/* Begin PBXNativeTarget section */
		8B5ACCD821C1F9A000C39661 /* Tumblr */ = {
			isa = PBXNativeTarget;
			buildConfigurationList = 8B5ACD0121C1F9A200C39661 /* Build configuration list for PBXNativeTarget "Tumblr" */;
			buildPhases = (
				CF7BB3E53E3A3D830B385878 /* [CP] Check Pods Manifest.lock */,
				8B5ACCD521C1F9A000C39661 /* Sources */,
				8B5ACCD621C1F9A000C39661 /* Frameworks */,
				8B5ACCD721C1F9A000C39661 /* Resources */,
				5E0CF5604C0ACF08F7206B6C /* [CP] Embed Pods Frameworks */,
			);
			buildRules = (
			);
			dependencies = (
			);
			name = Tumblr;
			productName = Tumblr;
			productReference = 8B5ACCD921C1F9A000C39661 /* Tumblr.app */;
			productType = "com.apple.product-type.application";
		};
		8B5ACCEC21C1F9A200C39661 /* TumblrTests */ = {
			isa = PBXNativeTarget;
			buildConfigurationList = 8B5ACD0421C1F9A200C39661 /* Build configuration list for PBXNativeTarget "TumblrTests" */;
			buildPhases = (
				CB2425CA256ACE367DDA7CB3 /* [CP] Check Pods Manifest.lock */,
				8B5ACCE921C1F9A200C39661 /* Sources */,
				8B5ACCEA21C1F9A200C39661 /* Frameworks */,
				8B5ACCEB21C1F9A200C39661 /* Resources */,
			);
			buildRules = (
			);
			dependencies = (
				8B5ACCEF21C1F9A200C39661 /* PBXTargetDependency */,
			);
			name = TumblrTests;
			productName = TumblrTests;
			productReference = 8B5ACCED21C1F9A200C39661 /* TumblrTests.xctest */;
			productType = "com.apple.product-type.bundle.unit-test";
		};
		8B5ACCF721C1F9A200C39661 /* TumblrUITests */ = {
			isa = PBXNativeTarget;
			buildConfigurationList = 8B5ACD0721C1F9A200C39661 /* Build configuration list for PBXNativeTarget "TumblrUITests" */;
			buildPhases = (
				F0D44DAAC193B8E49A4646DC /* [CP] Check Pods Manifest.lock */,
				8B5ACCF421C1F9A200C39661 /* Sources */,
				8B5ACCF521C1F9A200C39661 /* Frameworks */,
				8B5ACCF621C1F9A200C39661 /* Resources */,
			);
			buildRules = (
			);
			dependencies = (
				8B5ACCFA21C1F9A200C39661 /* PBXTargetDependency */,
			);
			name = TumblrUITests;
			productName = TumblrUITests;
			productReference = 8B5ACCF821C1F9A200C39661 /* TumblrUITests.xctest */;
			productType = "com.apple.product-type.bundle.ui-testing";
		};
/* End PBXNativeTarget section */

/* Begin PBXProject section */
		8B5ACCD121C1F9A000C39661 /* Project object */ = {
			isa = PBXProject;
			attributes = {
				LastSwiftUpdateCheck = 1010;
				LastUpgradeCheck = 1010;
				ORGANIZATIONNAME = "Varun Jit Singh";
				TargetAttributes = {
					8B5ACCD821C1F9A000C39661 = {
						CreatedOnToolsVersion = 10.1;
					};
					8B5ACCEC21C1F9A200C39661 = {
						CreatedOnToolsVersion = 10.1;
						TestTargetID = 8B5ACCD821C1F9A000C39661;
					};
					8B5ACCF721C1F9A200C39661 = {
						CreatedOnToolsVersion = 10.1;
						TestTargetID = 8B5ACCD821C1F9A000C39661;
					};
				};
			};
			buildConfigurationList = 8B5ACCD421C1F9A000C39661 /* Build configuration list for PBXProject "Tumblr" */;
			compatibilityVersion = "Xcode 9.3";
			developmentRegion = en;
			hasScannedForEncodings = 0;
			knownRegions = (
				en,
				Base,
			);
			mainGroup = 8B5ACCD021C1F9A000C39661;
			productRefGroup = 8B5ACCDA21C1F9A000C39661 /* Products */;
			projectDirPath = "";
			projectRoot = "";
			targets = (
				8B5ACCD821C1F9A000C39661 /* Tumblr */,
				8B5ACCEC21C1F9A200C39661 /* TumblrTests */,
				8B5ACCF721C1F9A200C39661 /* TumblrUITests */,
			);
		};
/* End PBXProject section */

/* Begin PBXResourcesBuildPhase section */
		8B5ACCD721C1F9A000C39661 /* Resources */ = {
			isa = PBXResourcesBuildPhase;
			buildActionMask = 2147483647;
			files = (
				8B5ACCE721C1F9A200C39661 /* LaunchScreen.storyboard in Resources */,
				8B5ACCE421C1F9A200C39661 /* Assets.xcassets in Resources */,
				8B5ACCE221C1F9A000C39661 /* Main.storyboard in Resources */,
			);
			runOnlyForDeploymentPostprocessing = 0;
		};
		8B5ACCEB21C1F9A200C39661 /* Resources */ = {
			isa = PBXResourcesBuildPhase;
			buildActionMask = 2147483647;
			files = (
			);
			runOnlyForDeploymentPostprocessing = 0;
		};
		8B5ACCF621C1F9A200C39661 /* Resources */ = {
			isa = PBXResourcesBuildPhase;
			buildActionMask = 2147483647;
			files = (
			);
			runOnlyForDeploymentPostprocessing = 0;
		};
/* End PBXResourcesBuildPhase section */

/* Begin PBXShellScriptBuildPhase section */
		5E0CF5604C0ACF08F7206B6C /* [CP] Embed Pods Frameworks */ = {
			isa = PBXShellScriptBuildPhase;
			buildActionMask = 2147483647;
			files = (
			);
			inputFileListPaths = (
			);
			inputPaths = (
				"${SRCROOT}/Pods/Target Support Files/Pods-Tumblr/Pods-Tumblr-frameworks.sh",
				"${BUILT_PRODUCTS_DIR}/Alamofire/Alamofire.framework",
				"${BUILT_PRODUCTS_DIR}/AlamofireImage/AlamofireImage.framework",
			);
			name = "[CP] Embed Pods Frameworks";
			outputFileListPaths = (
			);
			outputPaths = (
				"${TARGET_BUILD_DIR}/${FRAMEWORKS_FOLDER_PATH}/Alamofire.framework",
				"${TARGET_BUILD_DIR}/${FRAMEWORKS_FOLDER_PATH}/AlamofireImage.framework",
			);
			runOnlyForDeploymentPostprocessing = 0;
			shellPath = /bin/sh;
			shellScript = "\"${SRCROOT}/Pods/Target Support Files/Pods-Tumblr/Pods-Tumblr-frameworks.sh\"\n";
			showEnvVarsInLog = 0;
		};
		CB2425CA256ACE367DDA7CB3 /* [CP] Check Pods Manifest.lock */ = {
			isa = PBXShellScriptBuildPhase;
			buildActionMask = 2147483647;
			files = (
			);
			inputFileListPaths = (
			);
			inputPaths = (
				"${PODS_PODFILE_DIR_PATH}/Podfile.lock",
				"${PODS_ROOT}/Manifest.lock",
			);
			name = "[CP] Check Pods Manifest.lock";
			outputFileListPaths = (
			);
			outputPaths = (
				"$(DERIVED_FILE_DIR)/Pods-TumblrTests-checkManifestLockResult.txt",
			);
			runOnlyForDeploymentPostprocessing = 0;
			shellPath = /bin/sh;
			shellScript = "diff \"${PODS_PODFILE_DIR_PATH}/Podfile.lock\" \"${PODS_ROOT}/Manifest.lock\" > /dev/null\nif [ $? != 0 ] ; then\n    # print error to STDERR\n    echo \"error: The sandbox is not in sync with the Podfile.lock. Run 'pod install' or update your CocoaPods installation.\" >&2\n    exit 1\nfi\n# This output is used by Xcode 'outputs' to avoid re-running this script phase.\necho \"SUCCESS\" > \"${SCRIPT_OUTPUT_FILE_0}\"\n";
			showEnvVarsInLog = 0;
		};
		CF7BB3E53E3A3D830B385878 /* [CP] Check Pods Manifest.lock */ = {
			isa = PBXShellScriptBuildPhase;
			buildActionMask = 2147483647;
			files = (
			);
			inputFileListPaths = (
			);
			inputPaths = (
				"${PODS_PODFILE_DIR_PATH}/Podfile.lock",
				"${PODS_ROOT}/Manifest.lock",
			);
			name = "[CP] Check Pods Manifest.lock";
			outputFileListPaths = (
			);
			outputPaths = (
				"$(DERIVED_FILE_DIR)/Pods-Tumblr-checkManifestLockResult.txt",
			);
			runOnlyForDeploymentPostprocessing = 0;
			shellPath = /bin/sh;
			shellScript = "diff \"${PODS_PODFILE_DIR_PATH}/Podfile.lock\" \"${PODS_ROOT}/Manifest.lock\" > /dev/null\nif [ $? != 0 ] ; then\n    # print error to STDERR\n    echo \"error: The sandbox is not in sync with the Podfile.lock. Run 'pod install' or update your CocoaPods installation.\" >&2\n    exit 1\nfi\n# This output is used by Xcode 'outputs' to avoid re-running this script phase.\necho \"SUCCESS\" > \"${SCRIPT_OUTPUT_FILE_0}\"\n";
			showEnvVarsInLog = 0;
		};
		F0D44DAAC193B8E49A4646DC /* [CP] Check Pods Manifest.lock */ = {
			isa = PBXShellScriptBuildPhase;
			buildActionMask = 2147483647;
			files = (
			);
			inputFileListPaths = (
			);
			inputPaths = (
				"${PODS_PODFILE_DIR_PATH}/Podfile.lock",
				"${PODS_ROOT}/Manifest.lock",
			);
			name = "[CP] Check Pods Manifest.lock";
			outputFileListPaths = (
			);
			outputPaths = (
				"$(DERIVED_FILE_DIR)/Pods-TumblrUITests-checkManifestLockResult.txt",
			);
			runOnlyForDeploymentPostprocessing = 0;
			shellPath = /bin/sh;
			shellScript = "diff \"${PODS_PODFILE_DIR_PATH}/Podfile.lock\" \"${PODS_ROOT}/Manifest.lock\" > /dev/null\nif [ $? != 0 ] ; then\n    # print error to STDERR\n    echo \"error: The sandbox is not in sync with the Podfile.lock. Run 'pod install' or update your CocoaPods installation.\" >&2\n    exit 1\nfi\n# This output is used by Xcode 'outputs' to avoid re-running this script phase.\necho \"SUCCESS\" > \"${SCRIPT_OUTPUT_FILE_0}\"\n";
			showEnvVarsInLog = 0;
		};
/* End PBXShellScriptBuildPhase section */

/* Begin PBXSourcesBuildPhase section */
		8B5ACCD521C1F9A000C39661 /* Sources */ = {
			isa = PBXSourcesBuildPhase;
			buildActionMask = 2147483647;
			files = (
				8B5ACCDF21C1F9A000C39661 /* ViewController.swift in Sources */,
				8B5ACCDD21C1F9A000C39661 /* AppDelegate.swift in Sources */,
			);
			runOnlyForDeploymentPostprocessing = 0;
		};
		8B5ACCE921C1F9A200C39661 /* Sources */ = {
			isa = PBXSourcesBuildPhase;
			buildActionMask = 2147483647;
			files = (
				8B5ACCF221C1F9A200C39661 /* TumblrTests.swift in Sources */,
			);
			runOnlyForDeploymentPostprocessing = 0;
		};
		8B5ACCF421C1F9A200C39661 /* Sources */ = {
			isa = PBXSourcesBuildPhase;
			buildActionMask = 2147483647;
			files = (
				8B5ACCFD21C1F9A200C39661 /* TumblrUITests.swift in Sources */,
			);
			runOnlyForDeploymentPostprocessing = 0;
		};
/* End PBXSourcesBuildPhase section */

/* Begin PBXTargetDependency section */
		8B5ACCEF21C1F9A200C39661 /* PBXTargetDependency */ = {
			isa = PBXTargetDependency;
			target = 8B5ACCD821C1F9A000C39661 /* Tumblr */;
			targetProxy = 8B5ACCEE21C1F9A200C39661 /* PBXContainerItemProxy */;
		};
		8B5ACCFA21C1F9A200C39661 /* PBXTargetDependency */ = {
			isa = PBXTargetDependency;
			target = 8B5ACCD821C1F9A000C39661 /* Tumblr */;
			targetProxy = 8B5ACCF921C1F9A200C39661 /* PBXContainerItemProxy */;
		};
/* End PBXTargetDependency section */

/* Begin PBXVariantGroup section */
		8B5ACCE021C1F9A000C39661 /* Main.storyboard */ = {
			isa = PBXVariantGroup;
			children = (
				8B5ACCE121C1F9A000C39661 /* Base */,
			);
			name = Main.storyboard;
			sourceTree = "<group>";
		};
		8B5ACCE521C1F9A200C39661 /* LaunchScreen.storyboard */ = {
			isa = PBXVariantGroup;
			children = (
				8B5ACCE621C1F9A200C39661 /* Base */,
			);
			name = LaunchScreen.storyboard;
			sourceTree = "<group>";
		};
/* End PBXVariantGroup section */

/* Begin XCBuildConfiguration section */
		8B5ACCFF21C1F9A200C39661 /* Debug */ = {
			isa = XCBuildConfiguration;
			buildSettings = {
				ALWAYS_SEARCH_USER_PATHS = NO;
				CLANG_ANALYZER_NONNULL = YES;
				CLANG_ANALYZER_NUMBER_OBJECT_CONVERSION = YES_AGGRESSIVE;
				CLANG_CXX_LANGUAGE_STANDARD = "gnu++14";
				CLANG_CXX_LIBRARY = "libc++";
				CLANG_ENABLE_MODULES = YES;
				CLANG_ENABLE_OBJC_ARC = YES;
				CLANG_ENABLE_OBJC_WEAK = YES;
				CLANG_WARN_BLOCK_CAPTURE_AUTORELEASING = YES;
				CLANG_WARN_BOOL_CONVERSION = YES;
				CLANG_WARN_COMMA = YES;
				CLANG_WARN_CONSTANT_CONVERSION = YES;
				CLANG_WARN_DEPRECATED_OBJC_IMPLEMENTATIONS = YES;
				CLANG_WARN_DIRECT_OBJC_ISA_USAGE = YES_ERROR;
				CLANG_WARN_DOCUMENTATION_COMMENTS = YES;
				CLANG_WARN_EMPTY_BODY = YES;
				CLANG_WARN_ENUM_CONVERSION = YES;
				CLANG_WARN_INFINITE_RECURSION = YES;
				CLANG_WARN_INT_CONVERSION = YES;
				CLANG_WARN_NON_LITERAL_NULL_CONVERSION = YES;
				CLANG_WARN_OBJC_IMPLICIT_RETAIN_SELF = YES;
				CLANG_WARN_OBJC_LITERAL_CONVERSION = YES;
				CLANG_WARN_OBJC_ROOT_CLASS = YES_ERROR;
				CLANG_WARN_RANGE_LOOP_ANALYSIS = YES;
				CLANG_WARN_STRICT_PROTOTYPES = YES;
				CLANG_WARN_SUSPICIOUS_MOVE = YES;
				CLANG_WARN_UNGUARDED_AVAILABILITY = YES_AGGRESSIVE;
				CLANG_WARN_UNREACHABLE_CODE = YES;
				CLANG_WARN__DUPLICATE_METHOD_MATCH = YES;
				CODE_SIGN_IDENTITY = "iPhone Developer";
				COPY_PHASE_STRIP = NO;
				DEBUG_INFORMATION_FORMAT = dwarf;
				ENABLE_STRICT_OBJC_MSGSEND = YES;
				ENABLE_TESTABILITY = YES;
				GCC_C_LANGUAGE_STANDARD = gnu11;
				GCC_DYNAMIC_NO_PIC = NO;
				GCC_NO_COMMON_BLOCKS = YES;
				GCC_OPTIMIZATION_LEVEL = 0;
				GCC_PREPROCESSOR_DEFINITIONS = (
					"DEBUG=1",
					"$(inherited)",
				);
				GCC_WARN_64_TO_32_BIT_CONVERSION = YES;
				GCC_WARN_ABOUT_RETURN_TYPE = YES_ERROR;
				GCC_WARN_UNDECLARED_SELECTOR = YES;
				GCC_WARN_UNINITIALIZED_AUTOS = YES_AGGRESSIVE;
				GCC_WARN_UNUSED_FUNCTION = YES;
				GCC_WARN_UNUSED_VARIABLE = YES;
				IPHONEOS_DEPLOYMENT_TARGET = 12.1;
				MTL_ENABLE_DEBUG_INFO = INCLUDE_SOURCE;
				MTL_FAST_MATH = YES;
				ONLY_ACTIVE_ARCH = YES;
				SDKROOT = iphoneos;
				SWIFT_ACTIVE_COMPILATION_CONDITIONS = DEBUG;
				SWIFT_OPTIMIZATION_LEVEL = "-Onone";
			};
			name = Debug;
		};
		8B5ACD0021C1F9A200C39661 /* Release */ = {
			isa = XCBuildConfiguration;
			buildSettings = {
				ALWAYS_SEARCH_USER_PATHS = NO;
				CLANG_ANALYZER_NONNULL = YES;
				CLANG_ANALYZER_NUMBER_OBJECT_CONVERSION = YES_AGGRESSIVE;
				CLANG_CXX_LANGUAGE_STANDARD = "gnu++14";
				CLANG_CXX_LIBRARY = "libc++";
				CLANG_ENABLE_MODULES = YES;
				CLANG_ENABLE_OBJC_ARC = YES;
				CLANG_ENABLE_OBJC_WEAK = YES;
				CLANG_WARN_BLOCK_CAPTURE_AUTORELEASING = YES;
				CLANG_WARN_BOOL_CONVERSION = YES;
				CLANG_WARN_COMMA = YES;
				CLANG_WARN_CONSTANT_CONVERSION = YES;
				CLANG_WARN_DEPRECATED_OBJC_IMPLEMENTATIONS = YES;
				CLANG_WARN_DIRECT_OBJC_ISA_USAGE = YES_ERROR;
				CLANG_WARN_DOCUMENTATION_COMMENTS = YES;
				CLANG_WARN_EMPTY_BODY = YES;
				CLANG_WARN_ENUM_CONVERSION = YES;
				CLANG_WARN_INFINITE_RECURSION = YES;
				CLANG_WARN_INT_CONVERSION = YES;
				CLANG_WARN_NON_LITERAL_NULL_CONVERSION = YES;
				CLANG_WARN_OBJC_IMPLICIT_RETAIN_SELF = YES;
				CLANG_WARN_OBJC_LITERAL_CONVERSION = YES;
				CLANG_WARN_OBJC_ROOT_CLASS = YES_ERROR;
				CLANG_WARN_RANGE_LOOP_ANALYSIS = YES;
				CLANG_WARN_STRICT_PROTOTYPES = YES;
				CLANG_WARN_SUSPICIOUS_MOVE = YES;
				CLANG_WARN_UNGUARDED_AVAILABILITY = YES_AGGRESSIVE;
				CLANG_WARN_UNREACHABLE_CODE = YES;
				CLANG_WARN__DUPLICATE_METHOD_MATCH = YES;
				CODE_SIGN_IDENTITY = "iPhone Developer";
				COPY_PHASE_STRIP = NO;
				DEBUG_INFORMATION_FORMAT = "dwarf-with-dsym";
				ENABLE_NS_ASSERTIONS = NO;
				ENABLE_STRICT_OBJC_MSGSEND = YES;
				GCC_C_LANGUAGE_STANDARD = gnu11;
				GCC_NO_COMMON_BLOCKS = YES;
				GCC_WARN_64_TO_32_BIT_CONVERSION = YES;
				GCC_WARN_ABOUT_RETURN_TYPE = YES_ERROR;
				GCC_WARN_UNDECLARED_SELECTOR = YES;
				GCC_WARN_UNINITIALIZED_AUTOS = YES_AGGRESSIVE;
				GCC_WARN_UNUSED_FUNCTION = YES;
				GCC_WARN_UNUSED_VARIABLE = YES;
				IPHONEOS_DEPLOYMENT_TARGET = 12.1;
				MTL_ENABLE_DEBUG_INFO = NO;
				MTL_FAST_MATH = YES;
				SDKROOT = iphoneos;
				SWIFT_COMPILATION_MODE = wholemodule;
				SWIFT_OPTIMIZATION_LEVEL = "-O";
				VALIDATE_PRODUCT = YES;
			};
			name = Release;
		};
		8B5ACD0221C1F9A200C39661 /* Debug */ = {
			isa = XCBuildConfiguration;
			baseConfigurationReference = A0BA57F3CECAE285AF132A78 /* Pods-Tumblr.debug.xcconfig */;
			buildSettings = {
				ASSETCATALOG_COMPILER_APPICON_NAME = AppIcon;
				CODE_SIGN_STYLE = Automatic;
				INFOPLIST_FILE = Tumblr/Info.plist;
				LD_RUNPATH_SEARCH_PATHS = (
					"$(inherited)",
					"@executable_path/Frameworks",
				);
				PRODUCT_BUNDLE_IDENTIFIER = codepath.Tumblr;
				PRODUCT_NAME = "$(TARGET_NAME)";
				SWIFT_VERSION = 4.2;
				TARGETED_DEVICE_FAMILY = "1,2";
			};
			name = Debug;
		};
		8B5ACD0321C1F9A200C39661 /* Release */ = {
			isa = XCBuildConfiguration;
			baseConfigurationReference = C107DA0F118D1EBD8351C6B3 /* Pods-Tumblr.release.xcconfig */;
			buildSettings = {
				ASSETCATALOG_COMPILER_APPICON_NAME = AppIcon;
				CODE_SIGN_STYLE = Automatic;
				INFOPLIST_FILE = Tumblr/Info.plist;
				LD_RUNPATH_SEARCH_PATHS = (
					"$(inherited)",
					"@executable_path/Frameworks",
				);
				PRODUCT_BUNDLE_IDENTIFIER = codepath.Tumblr;
				PRODUCT_NAME = "$(TARGET_NAME)";
				SWIFT_VERSION = 4.2;
				TARGETED_DEVICE_FAMILY = "1,2";
			};
			name = Release;
		};
		8B5ACD0521C1F9A200C39661 /* Debug */ = {
			isa = XCBuildConfiguration;
			baseConfigurationReference = 1222DC2C2ED0E448D00C245E /* Pods-TumblrTests.debug.xcconfig */;
			buildSettings = {
				ALWAYS_EMBED_SWIFT_STANDARD_LIBRARIES = YES;
				BUNDLE_LOADER = "$(TEST_HOST)";
				CODE_SIGN_STYLE = Automatic;
				INFOPLIST_FILE = TumblrTests/Info.plist;
				LD_RUNPATH_SEARCH_PATHS = (
					"$(inherited)",
					"@executable_path/Frameworks",
					"@loader_path/Frameworks",
				);
				PRODUCT_BUNDLE_IDENTIFIER = codepath.TumblrTests;
				PRODUCT_NAME = "$(TARGET_NAME)";
				SWIFT_VERSION = 4.2;
				TARGETED_DEVICE_FAMILY = "1,2";
				TEST_HOST = "$(BUILT_PRODUCTS_DIR)/Tumblr.app/Tumblr";
			};
			name = Debug;
		};
		8B5ACD0621C1F9A200C39661 /* Release */ = {
			isa = XCBuildConfiguration;
			baseConfigurationReference = CFFBFECA3CCD260AADEBD44C /* Pods-TumblrTests.release.xcconfig */;
			buildSettings = {
				ALWAYS_EMBED_SWIFT_STANDARD_LIBRARIES = YES;
				BUNDLE_LOADER = "$(TEST_HOST)";
				CODE_SIGN_STYLE = Automatic;
				INFOPLIST_FILE = TumblrTests/Info.plist;
				LD_RUNPATH_SEARCH_PATHS = (
					"$(inherited)",
					"@executable_path/Frameworks",
					"@loader_path/Frameworks",
				);
				PRODUCT_BUNDLE_IDENTIFIER = codepath.TumblrTests;
				PRODUCT_NAME = "$(TARGET_NAME)";
				SWIFT_VERSION = 4.2;
				TARGETED_DEVICE_FAMILY = "1,2";
				TEST_HOST = "$(BUILT_PRODUCTS_DIR)/Tumblr.app/Tumblr";
			};
			name = Release;
		};
		8B5ACD0821C1F9A200C39661 /* Debug */ = {
			isa = XCBuildConfiguration;
			baseConfigurationReference = 6B8CADBCF8846625B42D34B8 /* Pods-TumblrUITests.debug.xcconfig */;
			buildSettings = {
				ALWAYS_EMBED_SWIFT_STANDARD_LIBRARIES = YES;
				CODE_SIGN_STYLE = Automatic;
				INFOPLIST_FILE = TumblrUITests/Info.plist;
				LD_RUNPATH_SEARCH_PATHS = (
					"$(inherited)",
					"@executable_path/Frameworks",
					"@loader_path/Frameworks",
				);
				PRODUCT_BUNDLE_IDENTIFIER = codepath.TumblrUITests;
				PRODUCT_NAME = "$(TARGET_NAME)";
				SWIFT_VERSION = 4.2;
				TARGETED_DEVICE_FAMILY = "1,2";
				TEST_TARGET_NAME = Tumblr;
			};
			name = Debug;
		};
		8B5ACD0921C1F9A200C39661 /* Release */ = {
			isa = XCBuildConfiguration;
			baseConfigurationReference = D0007502F192FD755DFB161E /* Pods-TumblrUITests.release.xcconfig */;
			buildSettings = {
				ALWAYS_EMBED_SWIFT_STANDARD_LIBRARIES = YES;
				CODE_SIGN_STYLE = Automatic;
				INFOPLIST_FILE = TumblrUITests/Info.plist;
				LD_RUNPATH_SEARCH_PATHS = (
					"$(inherited)",
					"@executable_path/Frameworks",
					"@loader_path/Frameworks",
				);
				PRODUCT_BUNDLE_IDENTIFIER = codepath.TumblrUITests;
				PRODUCT_NAME = "$(TARGET_NAME)";
				SWIFT_VERSION = 4.2;
				TARGETED_DEVICE_FAMILY = "1,2";
				TEST_TARGET_NAME = Tumblr;
			};
			name = Release;
		};
/* End XCBuildConfiguration section */

/* Begin XCConfigurationList section */
		8B5ACCD421C1F9A000C39661 /* Build configuration list for PBXProject "Tumblr" */ = {
			isa = XCConfigurationList;
			buildConfigurations = (
				8B5ACCFF21C1F9A200C39661 /* Debug */,
				8B5ACD0021C1F9A200C39661 /* Release */,
			);
			defaultConfigurationIsVisible = 0;
			defaultConfigurationName = Release;
		};
		8B5ACD0121C1F9A200C39661 /* Build configuration list for PBXNativeTarget "Tumblr" */ = {
			isa = XCConfigurationList;
			buildConfigurations = (
				8B5ACD0221C1F9A200C39661 /* Debug */,
				8B5ACD0321C1F9A200C39661 /* Release */,
			);
			defaultConfigurationIsVisible = 0;
			defaultConfigurationName = Release;
		};
		8B5ACD0421C1F9A200C39661 /* Build configuration list for PBXNativeTarget "TumblrTests" */ = {
			isa = XCConfigurationList;
			buildConfigurations = (
				8B5ACD0521C1F9A200C39661 /* Debug */,
				8B5ACD0621C1F9A200C39661 /* Release */,
			);
			defaultConfigurationIsVisible = 0;
			defaultConfigurationName = Release;
		};
		8B5ACD0721C1F9A200C39661 /* Build configuration list for PBXNativeTarget "TumblrUITests" */ = {
			isa = XCConfigurationList;
			buildConfigurations = (
				8B5ACD0821C1F9A200C39661 /* Debug */,
				8B5ACD0921C1F9A200C39661 /* Release */,
			);
			defaultConfigurationIsVisible = 0;
			defaultConfigurationName = Release;
		};
/* End XCConfigurationList section */
	};
	rootObject = 8B5ACCD121C1F9A000C39661 /* Project object */;
}
